github.com/golang/protobuf v1.5.4 h1:i7eJL8qZTpSEXOPTxNKhASYpMn+8e5Q6AdndVa1dWek=
github.com/golang/protobuf v1.5.4/go.mod h1:lnTiLA8Wa4RWRcIUkrtSVa5nRhsEGBg48fD6rSs7xps=
github.com/hyperledger/fabric v2.1.1+incompatible h1:cYYRv3vVg4kA6DmrixLxwn1nwBEUuYda8DsMwlaMKbY=
github.com/hyperledger/fabric v2.1.1+incompatible/go.mod h1:tGFAOCT696D3rG0Vofd2dyWYLySHlh0aQjf7Q1HAju0=
github.com/hyperledger/fabric-amcl v0.0.0-20230602173724-9e02669dceb2 h1:B1Nt8hKb//KvgGRprk0h1t4lCnwhE9/ryb1WqfZbV+M=
github.com/hyperledger/fabric-amcl v0.0.0-20230602173724-9e02669dceb2/go.mod h1:X+DIyUsaTmalOpmpQfIvFZjKHQedrURQ5t4YqquX7lE=
github.com/pkg/errors v0.9.1 h1:FEBLx1zS214owpjy7qsBeixbURkuhQAwrK5UwLGTwt4=
github.com/pkg/errors v0.9.1/go.mod h1:bwawxfHBFNV+L2hUp1rHADufV3IMtnDRdf1r5NINEl0=
google.golang.org/protobuf v1.33.0 h1:uNO2rsAINq/JlFpSdYEKIZ0uKD/R9cpdv0T+yoGwGmI=
google.golang.org/protobuf v1.33.0/go.mod h1:c6P6GXX6sHbq/GpV6MGZEdwhWPcYBgnhAHhKbcUYpos=
